
Microsoft Visual Studio Solution File, Format Version 11.00
# Visual Studio 2010
Project("{FAE04EC0-301F-11D3-BF4B-00C04F79EFBC}") = "VirtualReality", "Assembly-CSharp.csproj", "{3260A1CA-CD50-3FBD-0008-B4C2205B48F9}"
EndProject
Project("{FAE04EC0-301F-11D3-BF4B-00C04F79EFBC}") = "VirtualReality", "Assembly-CSharp-firstpass.csproj", "{775BDF74-A259-C03A-18EB-A6FADBF40BC5}"
EndProject
Project("{FAE04EC0-301F-11D3-BF4B-00C04F79EFBC}") = "VirtualReality", "Assembly-CSharp-Editor.csproj", "{29CDE08B-B21B-8D64-9864-85EE828DA6CB}"
EndProject
Global
	GlobalSection(SolutionConfigurationPlatforms) = preSolution
		Debug|Any CPU = Debug|Any CPU
		Release|Any CPU = Release|Any CPU
	EndGlobalSection
	GlobalSection(ProjectConfigurationPlatforms) = postSolution
		{3260A1CA-CD50-3FBD-0008-B4C2205B48F9}.Debug|Any CPU.ActiveCfg = Debug|Any CPU
		{3260A1CA-CD50-3FBD-0008-B4C2205B48F9}.Debug|Any CPU.Build.0 = Debug|Any CPU
		{3260A1CA-CD50-3FBD-0008-B4C2205B48F9}.Release|Any CPU.ActiveCfg = Release|Any CPU
		{3260A1CA-CD50-3FBD-0008-B4C2205B48F9}.Release|Any CPU.Build.0 = Release|Any CPU
		{775BDF74-A259-C03A-18EB-A6FADBF40BC5}.Debug|Any CPU.ActiveCfg = Debug|Any CPU
		{775BDF74-A259-C03A-18EB-A6FADBF40BC5}.Debug|Any CPU.Build.0 = Debug|Any CPU
		{775BDF74-A259-C03A-18EB-A6FADBF40BC5}.Release|Any CPU.ActiveCfg = Release|Any CPU
		{775BDF74-A259-C03A-18EB-A6FADBF40BC5}.Release|Any CPU.Build.0 = Release|Any CPU
		{29CDE08B-B21B-8D64-9864-85EE828DA6CB}.Debug|Any CPU.ActiveCfg = Debug|Any CPU
		{29CDE08B-B21B-8D64-9864-85EE828DA6CB}.Debug|Any CPU.Build.0 = Debug|Any CPU
		{29CDE08B-B21B-8D64-9864-85EE828DA6CB}.Release|Any CPU.ActiveCfg = Release|Any CPU
		{29CDE08B-B21B-8D64-9864-85EE828DA6CB}.Release|Any CPU.Build.0 = Release|Any CPU
	EndGlobalSection
	GlobalSection(SolutionProperties) = preSolution
		HideSolutionNode = FALSE
	EndGlobalSection
	GlobalSection(MonoDevelopProperties) = preSolution
		StartupItem = Assembly-CSharp.csproj
	EndGlobalSection
EndGlobal
